schema: '2.0'
stages:
  get_data:
    cmd: python scripts/data.py
    deps:
    - path: scripts/data.py
      hash: md5
      md5: 036720a2f648b6b31d5399eef66f82fd
      size: 890
    params:
      params.yaml:
        index_col: flat_id
    outs:
    - path: data/initial_data.csv
      hash: md5
      md5: dcd5d57ed632528262f621ddf151e6e7
      size: 13539023
      cloud:
        my_storage:
          etag: dcd5d57ed632528262f621ddf151e6e7
          version_id: 00062241647D888C
  transform_data:
    cmd: python scripts/data_transform.py
    deps:
    - path: data/initial_data.csv
      hash: md5
      md5: dcd5d57ed632528262f621ddf151e6e7
      size: 13539023
    - path: scripts/data_transform.py
      hash: md5
      md5: bde4f17f6be08a7c498acc13204444ec
      size: 1468
    params:
      params.yaml:
        one_hot_drop: if_binary
        target_col: price
    outs:
    - path: data/test_data.csv
      hash: md5
      md5: 678581f3c6d970cdfe95b7cd53f60795
      size: 5013640
      cloud:
        my_storage:
          etag: 678581f3c6d970cdfe95b7cd53f60795
          version_id: 00062241647CC3D4
    - path: data/train_data.csv
      hash: md5
      md5: 681254dc4b26d2e78c9bed6b1dbb95d9
      size: 20054600
      cloud:
        my_storage:
          etag: 681254dc4b26d2e78c9bed6b1dbb95d9
          version_id: '0006224164797687'
    - path: models/preprocessor.pkl
      hash: md5
      md5: b5e4c125f072a5752fcde5099001d269
      size: 4504
  fit_model:
    cmd: python scripts/fit.py
    deps:
    - path: data/train_data.csv
      hash: md5
      md5: 681254dc4b26d2e78c9bed6b1dbb95d9
      size: 20054600
    - path: scripts/fit.py
      hash: md5
      md5: 17d3330f8a8a95ad79262e7d74ebdf88
      size: 649
    params:
      params.yaml:
        target_col: price
    outs:
    - path: models/fitted_model.pkl
      hash: md5
      md5: d67f0ceac0810ba47b8c9ae77ab218ac
      size: 1350
      cloud:
        my_storage:
          etag: d67f0ceac0810ba47b8c9ae77ab218ac
          version_id: 00062241647B056F
  evaluate_model:
    cmd: python scripts/evaluate.py
    deps:
    - path: data/test_data.csv
      hash: md5
      md5: 678581f3c6d970cdfe95b7cd53f60795
      size: 5013640
    - path: models/fitted_model.pkl
      hash: md5
      md5: d67f0ceac0810ba47b8c9ae77ab218ac
      size: 1350
    - path: scripts/evaluate.py
      hash: md5
      md5: 0c6a2351ab2184f9427162df9aeffd03
      size: 1043
    params:
      params.yaml:
        mape: mean_absolute_percentage_error
        mse: mean_squared_error
        r2: r2_score
        target_col: price
    outs:
    - path: cv_results/cv_res.json
      hash: md5
      md5: 7da34fa93c415d921c5aec2691d5c1c9
      size: 104
